Microsoft Visual Studio Solution File, Format Version 11.00
# Visual Studio 2008

Project("{B4F46945-0181-44E3-1EB7-7786B18B70F1}") = "SidescrollShooter", "Assembly-CSharp-firstpass.csproj", "{6FDCCA49-6FDD-B092-F616-DE760FE1BD87}"
EndProject
Project("{B4F46945-0181-44E3-1EB7-7786B18B70F1}") = "SidescrollShooter", "Assembly-CSharp.csproj", "{54AD4D60-F4ED-59BF-475B-5465EBD622E4}"
EndProject
Project("{B4F46945-0181-44E3-1EB7-7786B18B70F1}") = "SidescrollShooter", "Assembly-CSharp-Editor.csproj", "{F65E2604-C7A8-DFAD-6FC3-1346D2C4C7B5}"
EndProject
Global
	GlobalSection(SolutionConfigurationPlatforms) = preSolution
		Debug|Any CPU = Debug|Any CPU
		Release|Any CPU = Release|Any CPU
	EndGlobalSection
	GlobalSection(ProjectConfigurationPlatforms) = postSolution
		{6FDCCA49-6FDD-B092-F616-DE760FE1BD87}.Debug|Any CPU.ActiveCfg = Debug|Any CPU
		{6FDCCA49-6FDD-B092-F616-DE760FE1BD87}.Debug|Any CPU.Build.0 = Debug|Any CPU
		{6FDCCA49-6FDD-B092-F616-DE760FE1BD87}.Release|Any CPU.ActiveCfg = Release|Any CPU
		{6FDCCA49-6FDD-B092-F616-DE760FE1BD87}.Release|Any CPU.Build.0 = Release|Any CPU
		{54AD4D60-F4ED-59BF-475B-5465EBD622E4}.Debug|Any CPU.ActiveCfg = Debug|Any CPU
		{54AD4D60-F4ED-59BF-475B-5465EBD622E4}.Debug|Any CPU.Build.0 = Debug|Any CPU
		{54AD4D60-F4ED-59BF-475B-5465EBD622E4}.Release|Any CPU.ActiveCfg = Release|Any CPU
		{54AD4D60-F4ED-59BF-475B-5465EBD622E4}.Release|Any CPU.Build.0 = Release|Any CPU
		{F65E2604-C7A8-DFAD-6FC3-1346D2C4C7B5}.Debug|Any CPU.ActiveCfg = Debug|Any CPU
		{F65E2604-C7A8-DFAD-6FC3-1346D2C4C7B5}.Debug|Any CPU.Build.0 = Debug|Any CPU
		{F65E2604-C7A8-DFAD-6FC3-1346D2C4C7B5}.Release|Any CPU.ActiveCfg = Release|Any CPU
		{F65E2604-C7A8-DFAD-6FC3-1346D2C4C7B5}.Release|Any CPU.Build.0 = Release|Any CPU
	EndGlobalSection
	GlobalSection(SolutionProperties) = preSolution
		HideSolutionNode = FALSE
	EndGlobalSection
	GlobalSection(MonoDevelopProperties) = preSolution
		StartupItem = Assembly-CSharp.csproj
	EndGlobalSection
EndGlobal
