
Microsoft Visual Studio Solution File, Format Version 12.00
# Visual Studio 2015
Project("{FAE04EC0-301F-11D3-BF4B-00C04F79EFBC}") = "SidescrollShooter.CSharp.Plugins", "SidescrollShooter.CSharp.Plugins.csproj", "{2D61AD35-50BD-7AAB-8914-5742680FD2D9}"
EndProject
Project("{FAE04EC0-301F-11D3-BF4B-00C04F79EFBC}") = "SidescrollShooter.CSharp", "SidescrollShooter.CSharp.csproj", "{D6853DE6-B904-EC73-ABE4-3C6DF0E631DD}"
EndProject
Project("{FAE04EC0-301F-11D3-BF4B-00C04F79EFBC}") = "SidescrollShooter.CSharp.Editor", "SidescrollShooter.CSharp.Editor.csproj", "{A433C7EA-B2D5-B052-9662-36666A71F6D2}"
EndProject
Global
	GlobalSection(SolutionConfigurationPlatforms) = preSolution
		Debug|Any CPU = Debug|Any CPU
		Release|Any CPU = Release|Any CPU
	EndGlobalSection
	GlobalSection(ProjectConfigurationPlatforms) = postSolution
		{2D61AD35-50BD-7AAB-8914-5742680FD2D9}.Debug|Any CPU.ActiveCfg = Debug|Any CPU
		{2D61AD35-50BD-7AAB-8914-5742680FD2D9}.Debug|Any CPU.Build.0 = Debug|Any CPU
		{2D61AD35-50BD-7AAB-8914-5742680FD2D9}.Release|Any CPU.ActiveCfg = Release|Any CPU
		{2D61AD35-50BD-7AAB-8914-5742680FD2D9}.Release|Any CPU.Build.0 = Release|Any CPU
		{D6853DE6-B904-EC73-ABE4-3C6DF0E631DD}.Debug|Any CPU.ActiveCfg = Debug|Any CPU
		{D6853DE6-B904-EC73-ABE4-3C6DF0E631DD}.Debug|Any CPU.Build.0 = Debug|Any CPU
		{D6853DE6-B904-EC73-ABE4-3C6DF0E631DD}.Release|Any CPU.ActiveCfg = Release|Any CPU
		{D6853DE6-B904-EC73-ABE4-3C6DF0E631DD}.Release|Any CPU.Build.0 = Release|Any CPU
		{A433C7EA-B2D5-B052-9662-36666A71F6D2}.Debug|Any CPU.ActiveCfg = Debug|Any CPU
		{A433C7EA-B2D5-B052-9662-36666A71F6D2}.Debug|Any CPU.Build.0 = Debug|Any CPU
		{A433C7EA-B2D5-B052-9662-36666A71F6D2}.Release|Any CPU.ActiveCfg = Release|Any CPU
		{A433C7EA-B2D5-B052-9662-36666A71F6D2}.Release|Any CPU.Build.0 = Release|Any CPU
	EndGlobalSection
	GlobalSection(SolutionProperties) = preSolution
		HideSolutionNode = FALSE
	EndGlobalSection
EndGlobal
